
Microsoft Visual Studio Solution File, Format Version 12.00
# Visual Studio Version 16
VisualStudioVersion = 16.0.31112.23
MinimumVisualStudioVersion = 10.0.40219.1
Project("{9A19103F-16F7-4668-BE54-9A1E7A4F7556}") = "Lab3", "Lab3\Lab3.csproj", "{7EAECF25-F16D-460D-9DE0-77DF17F95378}"
EndProject
Project("{9A19103F-16F7-4668-BE54-9A1E7A4F7556}") = "Exercise1", "Exercise1\Exercise1.csproj", "{D984DB6D-7895-4225-A438-3D80E6228637}"
EndProject
Project("{9A19103F-16F7-4668-BE54-9A1E7A4F7556}") = "Exercise2", "Exercise2\Exercise2.csproj", "{6FA6A6A7-8C4C-4A5F-AED4-9D1931BCB56C}"
EndProject
Project("{9A19103F-16F7-4668-BE54-9A1E7A4F7556}") = "Exercise3", "Exercise3\Exercise3.csproj", "{D06B92FE-CFD8-4885-9B82-AB9761339D07}"
EndProject
Project("{FAE04EC0-301F-11D3-BF4B-00C04F79EFBC}") = "Exercise4", "Exercise4\Exercise4.csproj", "{2CEDFED1-58D8-4097-83E5-DB0515278004}"
EndProject
Project("{FAE04EC0-301F-11D3-BF4B-00C04F79EFBC}") = "Exercise5", "Exercise5\Exercise5.csproj", "{C5D1C815-4BC0-4D77-8D24-EDCF2081327F}"
EndProject
Global
	GlobalSection(SolutionConfigurationPlatforms) = preSolution
		Debug|Any CPU = Debug|Any CPU
		Release|Any CPU = Release|Any CPU
	EndGlobalSection
	GlobalSection(ProjectConfigurationPlatforms) = postSolution
		{7EAECF25-F16D-460D-9DE0-77DF17F95378}.Debug|Any CPU.ActiveCfg = Debug|Any CPU
		{7EAECF25-F16D-460D-9DE0-77DF17F95378}.Debug|Any CPU.Build.0 = Debug|Any CPU
		{7EAECF25-F16D-460D-9DE0-77DF17F95378}.Release|Any CPU.ActiveCfg = Release|Any CPU
		{7EAECF25-F16D-460D-9DE0-77DF17F95378}.Release|Any CPU.Build.0 = Release|Any CPU
		{D984DB6D-7895-4225-A438-3D80E6228637}.Debug|Any CPU.ActiveCfg = Debug|Any CPU
		{D984DB6D-7895-4225-A438-3D80E6228637}.Debug|Any CPU.Build.0 = Debug|Any CPU
		{D984DB6D-7895-4225-A438-3D80E6228637}.Release|Any CPU.ActiveCfg = Release|Any CPU
		{D984DB6D-7895-4225-A438-3D80E6228637}.Release|Any CPU.Build.0 = Release|Any CPU
		{6FA6A6A7-8C4C-4A5F-AED4-9D1931BCB56C}.Debug|Any CPU.ActiveCfg = Debug|Any CPU
		{6FA6A6A7-8C4C-4A5F-AED4-9D1931BCB56C}.Debug|Any CPU.Build.0 = Debug|Any CPU
		{6FA6A6A7-8C4C-4A5F-AED4-9D1931BCB56C}.Release|Any CPU.ActiveCfg = Release|Any CPU
		{6FA6A6A7-8C4C-4A5F-AED4-9D1931BCB56C}.Release|Any CPU.Build.0 = Release|Any CPU
		{D06B92FE-CFD8-4885-9B82-AB9761339D07}.Debug|Any CPU.ActiveCfg = Debug|Any CPU
		{D06B92FE-CFD8-4885-9B82-AB9761339D07}.Debug|Any CPU.Build.0 = Debug|Any CPU
		{D06B92FE-CFD8-4885-9B82-AB9761339D07}.Release|Any CPU.ActiveCfg = Release|Any CPU
		{D06B92FE-CFD8-4885-9B82-AB9761339D07}.Release|Any CPU.Build.0 = Release|Any CPU
		{2CEDFED1-58D8-4097-83E5-DB0515278004}.Debug|Any CPU.ActiveCfg = Debug|Any CPU
		{2CEDFED1-58D8-4097-83E5-DB0515278004}.Debug|Any CPU.Build.0 = Debug|Any CPU
		{2CEDFED1-58D8-4097-83E5-DB0515278004}.Release|Any CPU.ActiveCfg = Release|Any CPU
		{2CEDFED1-58D8-4097-83E5-DB0515278004}.Release|Any CPU.Build.0 = Release|Any CPU
		{C5D1C815-4BC0-4D77-8D24-EDCF2081327F}.Debug|Any CPU.ActiveCfg = Debug|Any CPU
		{C5D1C815-4BC0-4D77-8D24-EDCF2081327F}.Debug|Any CPU.Build.0 = Debug|Any CPU
		{C5D1C815-4BC0-4D77-8D24-EDCF2081327F}.Release|Any CPU.ActiveCfg = Release|Any CPU
		{C5D1C815-4BC0-4D77-8D24-EDCF2081327F}.Release|Any CPU.Build.0 = Release|Any CPU
	EndGlobalSection
	GlobalSection(SolutionProperties) = preSolution
		HideSolutionNode = FALSE
	EndGlobalSection
	GlobalSection(ExtensibilityGlobals) = postSolution
		SolutionGuid = {A9790CE2-FFDE-4A4E-92F8-4CBDD71D2AA7}
	EndGlobalSection
EndGlobal
