
Microsoft Visual Studio Solution File, Format Version 12.00
# Visual Studio Version 16
VisualStudioVersion = 16.0.31205.134
MinimumVisualStudioVersion = 10.0.40219.1
Project("{9A19103F-16F7-4668-BE54-9A1E7A4F7556}") = "MovieShop.MVC", "MovieShop.MVC\MovieShop.MVC.csproj", "{0400FFB2-D345-4DB1-9C85-6EF29EB128B4}"
EndProject
Project("{9A19103F-16F7-4668-BE54-9A1E7A4F7556}") = "Infrastructure", "Infrastructure\Infrastructure.csproj", "{2B9AE078-3AD9-42A9-8B79-C63A215FE0A4}"
EndProject
Project("{9A19103F-16F7-4668-BE54-9A1E7A4F7556}") = "ApplicationCore", "ApplicationCore\ApplicationCore.csproj", "{69E1CF9D-6C03-4CE1-855E-5B6E8D80170F}"
EndProject
Global
	GlobalSection(SolutionConfigurationPlatforms) = preSolution
		Debug|Any CPU = Debug|Any CPU
		Release|Any CPU = Release|Any CPU
	EndGlobalSection
	GlobalSection(ProjectConfigurationPlatforms) = postSolution
		{0400FFB2-D345-4DB1-9C85-6EF29EB128B4}.Debug|Any CPU.ActiveCfg = Debug|Any CPU
		{0400FFB2-D345-4DB1-9C85-6EF29EB128B4}.Debug|Any CPU.Build.0 = Debug|Any CPU
		{0400FFB2-D345-4DB1-9C85-6EF29EB128B4}.Release|Any CPU.ActiveCfg = Release|Any CPU
		{0400FFB2-D345-4DB1-9C85-6EF29EB128B4}.Release|Any CPU.Build.0 = Release|Any CPU
		{2B9AE078-3AD9-42A9-8B79-C63A215FE0A4}.Debug|Any CPU.ActiveCfg = Debug|Any CPU
		{2B9AE078-3AD9-42A9-8B79-C63A215FE0A4}.Debug|Any CPU.Build.0 = Debug|Any CPU
		{2B9AE078-3AD9-42A9-8B79-C63A215FE0A4}.Release|Any CPU.ActiveCfg = Release|Any CPU
		{2B9AE078-3AD9-42A9-8B79-C63A215FE0A4}.Release|Any CPU.Build.0 = Release|Any CPU
		{69E1CF9D-6C03-4CE1-855E-5B6E8D80170F}.Debug|Any CPU.ActiveCfg = Debug|Any CPU
		{69E1CF9D-6C03-4CE1-855E-5B6E8D80170F}.Debug|Any CPU.Build.0 = Debug|Any CPU
		{69E1CF9D-6C03-4CE1-855E-5B6E8D80170F}.Release|Any CPU.ActiveCfg = Release|Any CPU
		{69E1CF9D-6C03-4CE1-855E-5B6E8D80170F}.Release|Any CPU.Build.0 = Release|Any CPU
	EndGlobalSection
	GlobalSection(SolutionProperties) = preSolution
		HideSolutionNode = FALSE
	EndGlobalSection
	GlobalSection(ExtensibilityGlobals) = postSolution
		SolutionGuid = {F1183818-495F-4EA2-9C7A-498807E5B35E}
	EndGlobalSection
EndGlobal
